
Microsoft Visual Studio Solution File, Format Version 12.00
# Visual Studio Version 17
VisualStudioVersion = 17.1.31903.286
MinimumVisualStudioVersion = 10.0.40219.1
Project("{9A19103F-16F7-4668-BE54-9A1E7A4F7556}") = "GenericList", "GenericList\GenericList.csproj", "{484E0B47-A50C-465A-A824-E6B3FEF70493}"
EndProject
Project("{FAE04EC0-301F-11D3-BF4B-00C04F79EFBC}") = "TestProject1", "TestProject1\TestProject1.csproj", "{4A38251B-92E0-4865-914D-BCFA6DFD4D0B}"
EndProject
Global
	GlobalSection(SolutionConfigurationPlatforms) = preSolution
		Debug|Any CPU = Debug|Any CPU
		Release|Any CPU = Release|Any CPU
	EndGlobalSection
	GlobalSection(ProjectConfigurationPlatforms) = postSolution
		{484E0B47-A50C-465A-A824-E6B3FEF70493}.Debug|Any CPU.ActiveCfg = Debug|Any CPU
		{484E0B47-A50C-465A-A824-E6B3FEF70493}.Debug|Any CPU.Build.0 = Debug|Any CPU
		{484E0B47-A50C-465A-A824-E6B3FEF70493}.Release|Any CPU.ActiveCfg = Release|Any CPU
		{484E0B47-A50C-465A-A824-E6B3FEF70493}.Release|Any CPU.Build.0 = Release|Any CPU
		{4A38251B-92E0-4865-914D-BCFA6DFD4D0B}.Debug|Any CPU.ActiveCfg = Debug|Any CPU
		{4A38251B-92E0-4865-914D-BCFA6DFD4D0B}.Debug|Any CPU.Build.0 = Debug|Any CPU
		{4A38251B-92E0-4865-914D-BCFA6DFD4D0B}.Release|Any CPU.ActiveCfg = Release|Any CPU
		{4A38251B-92E0-4865-914D-BCFA6DFD4D0B}.Release|Any CPU.Build.0 = Release|Any CPU
	EndGlobalSection
	GlobalSection(SolutionProperties) = preSolution
		HideSolutionNode = FALSE
	EndGlobalSection
	GlobalSection(ExtensibilityGlobals) = postSolution
		SolutionGuid = {80AD3527-7FCE-489E-A288-79CA4176005A}
	EndGlobalSection
EndGlobal
